
Microsoft Visual Studio Solution File, Format Version 11.00
# Visual Studio 2010
Project("{FAE04EC0-301F-11D3-BF4B-00C04F79EFBC}") = "EVRPresenter-2010", "EVRPresenter-2010.csproj", "{DF6E750F-49DC-4337-A115-4DD7898B56C0}"
EndProject
Global
	GlobalSection(SolutionConfigurationPlatforms) = preSolution
		Debug|x64 = Debug|x64
		Debug|x86 = Debug|x86
		Release|x64 = Release|x64
		Release|x86 = Release|x86
	EndGlobalSection
	GlobalSection(ProjectConfigurationPlatforms) = postSolution
		{DF6E750F-49DC-4337-A115-4DD7898B56C0}.Debug|x64.ActiveCfg = Debug|x64
		{DF6E750F-49DC-4337-A115-4DD7898B56C0}.Debug|x64.Build.0 = Debug|x64
		{DF6E750F-49DC-4337-A115-4DD7898B56C0}.Debug|x86.ActiveCfg = Debug|x86
		{DF6E750F-49DC-4337-A115-4DD7898B56C0}.Debug|x86.Build.0 = Debug|x86
		{DF6E750F-49DC-4337-A115-4DD7898B56C0}.Release|x64.ActiveCfg = Release|x64
		{DF6E750F-49DC-4337-A115-4DD7898B56C0}.Release|x64.Build.0 = Release|x64
		{DF6E750F-49DC-4337-A115-4DD7898B56C0}.Release|x86.ActiveCfg = Release|x86
		{DF6E750F-49DC-4337-A115-4DD7898B56C0}.Release|x86.Build.0 = Release|x86
	EndGlobalSection
	GlobalSection(SolutionProperties) = preSolution
		HideSolutionNode = FALSE
	EndGlobalSection
EndGlobal
